
Microsoft Visual Studio Solution File, Format Version 12.00
# Visual Studio Version 16
VisualStudioVersion = 16.0.30128.74
MinimumVisualStudioVersion = 10.0.40219.1
Project("{FAE04EC0-301F-11D3-BF4B-00C04F79EFBC}") = "EvenNumbersGenerater", "EvenNumbersGenerater\EvenNumbersGenerater.csproj", "{D2705113-89BA-4EAA-85DF-19D058863993}"
EndProject
Global
	GlobalSection(SolutionConfigurationPlatforms) = preSolution
		Debug|Any CPU = Debug|Any CPU
		Release|Any CPU = Release|Any CPU
	EndGlobalSection
	GlobalSection(ProjectConfigurationPlatforms) = postSolution
		{D2705113-89BA-4EAA-85DF-19D058863993}.Debug|Any CPU.ActiveCfg = Debug|Any CPU
		{D2705113-89BA-4EAA-85DF-19D058863993}.Debug|Any CPU.Build.0 = Debug|Any CPU
		{D2705113-89BA-4EAA-85DF-19D058863993}.Release|Any CPU.ActiveCfg = Release|Any CPU
		{D2705113-89BA-4EAA-85DF-19D058863993}.Release|Any CPU.Build.0 = Release|Any CPU
	EndGlobalSection
	GlobalSection(SolutionProperties) = preSolution
		HideSolutionNode = FALSE
	EndGlobalSection
	GlobalSection(ExtensibilityGlobals) = postSolution
		SolutionGuid = {FCCD7447-D733-420D-A1EC-6501B9646495}
	EndGlobalSection
EndGlobal
